{
  "name": "trump-tool",
  "version": "0.1.0",
  "lockfileVersion": 1,
  "requires": true,
  "dependencies": {
    "asap": {
      "version": "2.0.6",
      "resolved": "https://registry.npmjs.org/asap/-/asap-2.0.6.tgz",
      "integrity": "sha1-5QNHYR1+aQlDIIu9r+vLwvuGbUY="
    },
    "babel-runtime": {
      "version": "6.26.0",
      "resolved": "https://registry.npmjs.org/babel-runtime/-/babel-runtime-6.26.0.tgz",
      "integrity": "sha1-llxwWGaOgrVde/4E/yM3vItWR/4=",
      "requires": {
        "core-js": "2.5.1",
        "regenerator-runtime": "0.11.0"
      },
      "dependencies": {
        "core-js": {
          "version": "2.5.1",
          "resolved": "https://registry.npmjs.org/core-js/-/core-js-2.5.1.tgz",
          "integrity": "sha1-rmh03GaTd4m4B1T/VCjfZoGcpQs="
        }
      }
    },
    "blacklist": {
      "version": "1.1.4",
      "resolved": "https://registry.npmjs.org/blacklist/-/blacklist-1.1.4.tgz",
      "integrity": "sha1-st0J1hd2JbLKppg1o3somV+povI="
    },
    "boolbase": {
      "version": "1.0.0",
      "resolved": "https://registry.npmjs.org/boolbase/-/boolbase-1.0.0.tgz",
      "integrity": "sha1-aN/1++YMUes3cl6p4+0xDcwed24="
    },
    "brackets2dots": {
      "version": "1.1.0",
      "resolved": "https://registry.npmjs.org/brackets2dots/-/brackets2dots-1.1.0.tgz",
      "integrity": "sha1-Pz1AN1/GYM4P0AT6J9Z7NPlGmsM="
    },
    "cheerio": {
      "version": "0.22.0",
      "resolved": "https://registry.npmjs.org/cheerio/-/cheerio-0.22.0.tgz",
      "integrity": "sha1-qbqoYKP5tZWmuBsahocxIe06Jp4=",
      "requires": {
        "css-select": "1.2.0",
        "dom-serializer": "0.1.0",
        "entities": "1.1.1",
        "htmlparser2": "3.9.2",
        "lodash.assignin": "4.2.0",
        "lodash.bind": "4.2.1",
        "lodash.defaults": "4.2.0",
        "lodash.filter": "4.6.0",
        "lodash.flatten": "4.4.0",
        "lodash.foreach": "4.5.0",
        "lodash.map": "4.6.0",
        "lodash.merge": "4.6.0",
        "lodash.pick": "4.4.0",
        "lodash.reduce": "4.6.0",
        "lodash.reject": "4.6.0",
        "lodash.some": "4.6.0"
      }
    },
    "class-autobind": {
      "version": "0.1.4",
      "resolved": "https://registry.npmjs.org/class-autobind/-/class-autobind-0.1.4.tgz",
      "integrity": "sha1-NFFsSRZ8+NP2Od3Bhrz6Imiv/zQ="
    },
    "classnames": {
      "version": "2.2.5",
      "resolved": "https://registry.npmjs.org/classnames/-/classnames-2.2.5.tgz",
      "integrity": "sha1-+zgB1FNGdknvNgPH1hoCvRKb3m0="
    },
    "core-js": {
      "version": "1.2.7",
      "resolved": "https://registry.npmjs.org/core-js/-/core-js-1.2.7.tgz",
      "integrity": "sha1-ZSKUwUZR2yj6k70tX/KYOk8IxjY="
    },
    "core-util-is": {
      "version": "1.0.2",
      "resolved": "https://registry.npmjs.org/core-util-is/-/core-util-is-1.0.2.tgz",
      "integrity": "sha1-tf1UIgqivFq1eqtxQMlAdUUDwac="
    },
    "create-react-class": {
      "version": "15.6.2",
      "resolved": "https://registry.npmjs.org/create-react-class/-/create-react-class-15.6.2.tgz",
      "integrity": "sha1-zx7RXxKq1/FO9fLf4F5sQvke8Co=",
      "requires": {
        "fbjs": "0.8.16",
        "loose-envify": "1.3.1",
        "object-assign": "4.1.1"
      }
    },
    "css-select": {
      "version": "1.2.0",
      "resolved": "https://registry.npmjs.org/css-select/-/css-select-1.2.0.tgz",
      "integrity": "sha1-KzoRBTnFNV8c2NMUYj6HCxIeyFg=",
      "requires": {
        "boolbase": "1.0.0",
        "css-what": "2.1.0",
        "domutils": "1.5.1",
        "nth-check": "1.0.1"
      }
    },
    "css-what": {
      "version": "2.1.0",
      "resolved": "https://registry.npmjs.org/css-what/-/css-what-2.1.0.tgz",
      "integrity": "sha1-lGfQMsOM+u+58teVASUwYvh/ob0="
    },
    "curry2": {
      "version": "1.0.3",
      "resolved": "https://registry.npmjs.org/curry2/-/curry2-1.0.3.tgz",
      "integrity": "sha1-OBkdVfEGC/6kfKCACThbuHj2YS8=",
      "requires": {
        "fast-bind": "1.0.0"
      }
    },
    "debug": {
      "version": "2.6.9",
      "resolved": "https://registry.npmjs.org/debug/-/debug-2.6.9.tgz",
      "integrity": "sha512-bC7ElrdJaJnPbAP+1EotYvqZsb3ecl5wi6Bfi6BJTUcNowp6cvspg0jXznRTKDjm/E7AdgFBVeAPVMNcKGsHMA==",
      "requires": {
        "ms": "2.0.0"
      }
    },
    "define-properties": {
      "version": "1.1.2",
      "resolved": "https://registry.npmjs.org/define-properties/-/define-properties-1.1.2.tgz",
      "integrity": "sha1-g6c/L+pWmJj7c3GTyPhzyvbUXJQ=",
      "requires": {
        "foreach": "2.0.5",
        "object-keys": "1.0.11"
      }
    },
    "dom-helpers": {
      "version": "3.2.1",
      "resolved": "https://registry.npmjs.org/dom-helpers/-/dom-helpers-3.2.1.tgz",
      "integrity": "sha1-MgPgf+0he9H0JLAZc1WC/Deyglo="
    },
    "dom-serializer": {
      "version": "0.1.0",
      "resolved": "https://registry.npmjs.org/dom-serializer/-/dom-serializer-0.1.0.tgz",
      "integrity": "sha1-BzxpdUbOB4DOI75KKOKT5AvDDII=",
      "requires": {
        "domelementtype": "1.1.3",
        "entities": "1.1.1"
      },
      "dependencies": {
        "domelementtype": {
          "version": "1.1.3",
          "resolved": "https://registry.npmjs.org/domelementtype/-/domelementtype-1.1.3.tgz",
          "integrity": "sha1-vSh3PiZCiBrsUVRJJCmcXNgiGFs="
        }
      }
    },
    "domelementtype": {
      "version": "1.3.0",
      "resolved": "https://registry.npmjs.org/domelementtype/-/domelementtype-1.3.0.tgz",
      "integrity": "sha1-sXrtguirWeUt2cGbF1bg/BhyBMI="
    },
    "domhandler": {
      "version": "2.4.1",
      "resolved": "https://registry.npmjs.org/domhandler/-/domhandler-2.4.1.tgz",
      "integrity": "sha1-iS5HAAqZvlW783dP/qBWHYh5wlk=",
      "requires": {
        "domelementtype": "1.3.0"
      }
    },
    "domutils": {
      "version": "1.5.1",
      "resolved": "https://registry.npmjs.org/domutils/-/domutils-1.5.1.tgz",
      "integrity": "sha1-3NhIiib1Y9YQeeSMn3t+Mjc2gs8=",
      "requires": {
        "dom-serializer": "0.1.0",
        "domelementtype": "1.3.0"
      }
    },
    "dotsplit.js": {
      "version": "1.1.0",
      "resolved": "https://registry.npmjs.org/dotsplit.js/-/dotsplit.js-1.1.0.tgz",
      "integrity": "sha1-JaI56r6SKpH/pdKhctbJ+4JFHgI="
    },
    "draft-js": {
      "version": "0.10.3",
      "resolved": "https://registry.npmjs.org/draft-js/-/draft-js-0.10.3.tgz",
      "integrity": "sha1-XzwwJa+fSUxi8AqQZgBszcGzyUM=",
      "requires": {
        "enzyme": "2.9.1",
        "fbjs": "0.8.16",
        "immutable": "3.7.6",
        "object-assign": "4.1.1"
      },
      "dependencies": {
        "immutable": {
          "version": "3.7.6",
          "resolved": "https://registry.npmjs.org/immutable/-/immutable-3.7.6.tgz",
          "integrity": "sha1-E7TTyxK++hVIKib+Gy665kAHHks="
        }
      }
    },
    "draft-js-export-html": {
      "version": "1.2.0",
      "resolved": "https://registry.npmjs.org/draft-js-export-html/-/draft-js-export-html-1.2.0.tgz",
      "integrity": "sha1-HL4reOH+10/CnHzcv9dUBGjsogk=",
      "requires": {
        "draft-js-utils": "1.2.0"
      }
    },
    "draft-js-export-markdown": {
      "version": "1.2.0",
      "resolved": "https://registry.npmjs.org/draft-js-export-markdown/-/draft-js-export-markdown-1.2.0.tgz",
      "integrity": "sha1-xCPWc4nhxw3dE+lWr+gv0bcv7qU=",
      "requires": {
        "draft-js-utils": "1.2.0"
      }
    },
    "draft-js-import-element": {
      "version": "1.2.1",
      "resolved": "https://registry.npmjs.org/draft-js-import-element/-/draft-js-import-element-1.2.1.tgz",
      "integrity": "sha512-T/eCDkaU8wrTCH6c+/2BE7Vx/11GABRNU/UBiHM4D903LNFar8UfjElehpiKVf+F4rxi8dfhvTgaWrpWDfX4MA==",
      "requires": {
        "draft-js-utils": "1.2.0",
        "synthetic-dom": "1.2.0"
      }
    },
    "draft-js-import-html": {
      "version": "1.2.1",
      "resolved": "https://registry.npmjs.org/draft-js-import-html/-/draft-js-import-html-1.2.1.tgz",
      "integrity": "sha512-FP1y9kdmOVDvOxoI4ny+H0g4CVoTQwdW++Zjf+qMsnz07NsYOCLcQ34j7TiwuPfArFAcOjBOc41Mn+qOa1G14w==",
      "requires": {
        "draft-js-import-element": "1.2.1"
      }
    },
    "draft-js-import-markdown": {
      "version": "1.2.1",
      "resolved": "https://registry.npmjs.org/draft-js-import-markdown/-/draft-js-import-markdown-1.2.1.tgz",
      "integrity": "sha512-hn2+LJ/QdmuM2gc44uqYWjMqRv5Pt6bZFHULi8hGAR7WVWaVk4gaXHM4fE8H4iVE+QFUV6yNITrm4D/fyPkaGQ==",
      "requires": {
        "draft-js-import-element": "1.2.1",
        "synthetic-dom": "1.2.0"
      }
    },
    "draft-js-utils": {
      "version": "1.2.0",
      "resolved": "https://registry.npmjs.org/draft-js-utils/-/draft-js-utils-1.2.0.tgz",
      "integrity": "sha1-9csj6xZzJf/tPXmIL9wxdyHS/RI="
    },
    "encoding": {
      "version": "0.1.12",
      "resolved": "https://registry.npmjs.org/encoding/-/encoding-0.1.12.tgz",
      "integrity": "sha1-U4tm8+5izRq1HsMjgp0flIDHS+s=",
      "requires": {
        "iconv-lite": "0.4.19"
      }
    },
    "entities": {
      "version": "1.1.1",
      "resolved": "https://registry.npmjs.org/entities/-/entities-1.1.1.tgz",
      "integrity": "sha1-blwtClYhtdra7O+AuQ7ftc13cvA="
    },
    "enzyme": {
      "version": "2.9.1",
      "resolved": "https://registry.npmjs.org/enzyme/-/enzyme-2.9.1.tgz",
      "integrity": "sha1-B9XOaRJBJA+4F78sSxjW5TAkDfY=",
      "requires": {
        "cheerio": "0.22.0",
        "function.prototype.name": "1.0.3",
        "is-subset": "0.1.1",
        "lodash": "4.17.4",
        "object-is": "1.0.1",
        "object.assign": "4.0.4",
        "object.entries": "1.0.4",
        "object.values": "1.0.4",
        "prop-types": "15.6.0",
        "uuid": "3.1.0"
      }
    },
    "es-abstract": {
      "version": "1.9.0",
      "resolved": "https://registry.npmjs.org/es-abstract/-/es-abstract-1.9.0.tgz",
      "integrity": "sha512-kk3IJoKo7A3pWJc0OV8yZ/VEX2oSUytfekrJiqoxBlKJMFAJVJVpGdHClCCTdv+Fn2zHfpDHHIelMFhZVfef3Q==",
      "requires": {
        "es-to-primitive": "1.1.1",
        "function-bind": "1.1.1",
        "has": "1.0.1",
        "is-callable": "1.1.3",
        "is-regex": "1.0.4"
      }
    },
    "es-to-primitive": {
      "version": "1.1.1",
      "resolved": "https://registry.npmjs.org/es-to-primitive/-/es-to-primitive-1.1.1.tgz",
      "integrity": "sha1-RTVSSKiJeQNLZ5Lhm7gfK3l13Q0=",
      "requires": {
        "is-callable": "1.1.3",
        "is-date-object": "1.0.1",
        "is-symbol": "1.0.1"
      }
    },
    "escape-string-regexp": {
      "version": "1.0.5",
      "resolved": "https://registry.npmjs.org/escape-string-regexp/-/escape-string-regexp-1.0.5.tgz",
      "integrity": "sha1-G2HAViGQqN/2rjuyzwIAyhMLhtQ="
    },
    "exenv": {
      "version": "1.2.2",
      "resolved": "https://registry.npmjs.org/exenv/-/exenv-1.2.2.tgz",
      "integrity": "sha1-KueOhdmJQVhnCwPUe+wfA72Ru50="
    },
    "fast-bind": {
      "version": "1.0.0",
      "resolved": "https://registry.npmjs.org/fast-bind/-/fast-bind-1.0.0.tgz",
      "integrity": "sha1-f6llLLMyX1zR4lLWy08WDeGnbnU="
    },
    "fbjs": {
      "version": "0.8.16",
      "resolved": "https://registry.npmjs.org/fbjs/-/fbjs-0.8.16.tgz",
      "integrity": "sha1-XmdDL1UNxBtXK/VYR7ispk5TN9s=",
      "requires": {
        "core-js": "1.2.7",
        "isomorphic-fetch": "2.2.1",
        "loose-envify": "1.3.1",
        "object-assign": "4.1.1",
        "promise": "7.3.1",
        "setimmediate": "1.0.5",
        "ua-parser-js": "0.7.17"
      }
    },
    "foreach": {
      "version": "2.0.5",
      "resolved": "https://registry.npmjs.org/foreach/-/foreach-2.0.5.tgz",
      "integrity": "sha1-C+4AUBiusmDQo6865ljdATbsG5k="
    },
    "function-bind": {
      "version": "1.1.1",
      "resolved": "https://registry.npmjs.org/function-bind/-/function-bind-1.1.1.tgz",
      "integrity": "sha512-yIovAzMX49sF8Yl58fSCWJ5svSLuaibPxXQJFLmBObTuCr0Mf1KiPopGM9NiFjiYBCbfaa2Fh6breQ6ANVTI0A=="
    },
    "function.prototype.name": {
      "version": "1.0.3",
      "resolved": "https://registry.npmjs.org/function.prototype.name/-/function.prototype.name-1.0.3.tgz",
      "integrity": "sha512-5EblxZUdioXi2JiMZ9FUbwYj40eQ9MFHyzFLBSPdlRl3SO8l7SLWuAnQ/at/1Wi4hjJwME/C5WpF2ZfAc8nGNw==",
      "requires": {
        "define-properties": "1.1.2",
        "function-bind": "1.1.1",
        "is-callable": "1.1.3"
      }
    },
    "has": {
      "version": "1.0.1",
      "resolved": "https://registry.npmjs.org/has/-/has-1.0.1.tgz",
      "integrity": "sha1-hGFzP1OLCDfJNh45qauelwTcLyg=",
      "requires": {
        "function-bind": "1.1.1"
      }
    },
    "htmlparser2": {
      "version": "3.9.2",
      "resolved": "https://registry.npmjs.org/htmlparser2/-/htmlparser2-3.9.2.tgz",
      "integrity": "sha1-G9+HrMoPP55T+k/M6w9LTLsAszg=",
      "requires": {
        "domelementtype": "1.3.0",
        "domhandler": "2.4.1",
        "domutils": "1.5.1",
        "entities": "1.1.1",
        "inherits": "2.0.3",
        "readable-stream": "2.3.3"
      }
    },
    "iconv-lite": {
      "version": "0.4.19",
      "resolved": "https://registry.npmjs.org/iconv-lite/-/iconv-lite-0.4.19.tgz",
      "integrity": "sha512-oTZqweIP51xaGPI4uPa56/Pri/480R+mo7SeU+YETByQNhDG55ycFyNLIgta9vXhILrxXDmF7ZGhqZIcuN0gJQ=="
    },
    "immutable": {
      "version": "3.8.2",
      "resolved": "https://registry.npmjs.org/immutable/-/immutable-3.8.2.tgz",
      "integrity": "sha1-wkOZUUVbs5kT2vKBN28VMOEErfM="
    },
    "inherits": {
      "version": "2.0.3",
      "resolved": "https://registry.npmjs.org/inherits/-/inherits-2.0.3.tgz",
      "integrity": "sha1-Yzwsg+PaQqUC9SRmAiSA9CCCYd4="
    },
    "invariant": {
      "version": "2.2.2",
      "resolved": "https://registry.npmjs.org/invariant/-/invariant-2.2.2.tgz",
      "integrity": "sha1-nh9WrArNtr8wMwbzOL47IErmA2A=",
      "requires": {
        "loose-envify": "1.3.1"
      }
    },
    "is-callable": {
      "version": "1.1.3",
      "resolved": "https://registry.npmjs.org/is-callable/-/is-callable-1.1.3.tgz",
      "integrity": "sha1-hut1OSgF3cM69xySoO7fdO52BLI="
    },
    "is-date-object": {
      "version": "1.0.1",
      "resolved": "https://registry.npmjs.org/is-date-object/-/is-date-object-1.0.1.tgz",
      "integrity": "sha1-mqIOtq7rv/d/vTPnTKAbM1gdOhY="
    },
    "is-regex": {
      "version": "1.0.4",
      "resolved": "https://registry.npmjs.org/is-regex/-/is-regex-1.0.4.tgz",
      "integrity": "sha1-VRdIm1RwkbCTDglWVM7SXul+lJE=",
      "requires": {
        "has": "1.0.1"
      }
    },
    "is-stream": {
      "version": "1.1.0",
      "resolved": "https://registry.npmjs.org/is-stream/-/is-stream-1.1.0.tgz",
      "integrity": "sha1-EtSj3U5o4Lec6428hBc66A2RykQ="
    },
    "is-subset": {
      "version": "0.1.1",
      "resolved": "https://registry.npmjs.org/is-subset/-/is-subset-0.1.1.tgz",
      "integrity": "sha1-ilkRfZMt4d4A8kX83TnOQ/HpOaY="
    },
    "is-symbol": {
      "version": "1.0.1",
      "resolved": "https://registry.npmjs.org/is-symbol/-/is-symbol-1.0.1.tgz",
      "integrity": "sha1-PMWfAAJRlLarLjjbrmaJJWtmBXI="
    },
    "isarray": {
      "version": "1.0.0",
      "resolved": "https://registry.npmjs.org/isarray/-/isarray-1.0.0.tgz",
      "integrity": "sha1-u5NdSFgsuhaMBoNJV6VKPgcSTxE="
    },
    "isomorphic-fetch": {
      "version": "2.2.1",
      "resolved": "https://registry.npmjs.org/isomorphic-fetch/-/isomorphic-fetch-2.2.1.tgz",
      "integrity": "sha1-YRrhrPFPXoH3KVB0coGf6XM1WKk=",
      "requires": {
        "node-fetch": "1.7.3",
        "whatwg-fetch": "2.0.3"
      }
    },
    "js-tokens": {
      "version": "3.0.2",
      "resolved": "https://registry.npmjs.org/js-tokens/-/js-tokens-3.0.2.tgz",
      "integrity": "sha1-mGbfOVECEw449/mWvOtlRDIJwls="
    },
    "lodash": {
      "version": "4.17.4",
      "resolved": "https://registry.npmjs.org/lodash/-/lodash-4.17.4.tgz",
      "integrity": "sha1-eCA6TRwyiuHYbcpkYONptX9AVa4="
    },
    "lodash.assignin": {
      "version": "4.2.0",
      "resolved": "https://registry.npmjs.org/lodash.assignin/-/lodash.assignin-4.2.0.tgz",
      "integrity": "sha1-uo31+4QesKPoBEIysOJjqNxqKKI="
    },
    "lodash.bind": {
      "version": "4.2.1",
      "resolved": "https://registry.npmjs.org/lodash.bind/-/lodash.bind-4.2.1.tgz",
      "integrity": "sha1-euMBfpOWIqwxt9fX3LGzTbFpDTU="
    },
    "lodash.defaults": {
      "version": "4.2.0",
      "resolved": "https://registry.npmjs.org/lodash.defaults/-/lodash.defaults-4.2.0.tgz",
      "integrity": "sha1-0JF4cW/+pN3p5ft7N/bwgCJ0WAw="
    },
    "lodash.filter": {
      "version": "4.6.0",
      "resolved": "https://registry.npmjs.org/lodash.filter/-/lodash.filter-4.6.0.tgz",
      "integrity": "sha1-ZosdSYFgOuHMWm+nYBQ+SAtMSs4="
    },
    "lodash.flatten": {
      "version": "4.4.0",
      "resolved": "https://registry.npmjs.org/lodash.flatten/-/lodash.flatten-4.4.0.tgz",
      "integrity": "sha1-8xwiIlqWMtK7+OSt2+8kCqdlph8="
    },
    "lodash.foreach": {
      "version": "4.5.0",
      "resolved": "https://registry.npmjs.org/lodash.foreach/-/lodash.foreach-4.5.0.tgz",
      "integrity": "sha1-Gmo16s5AEoDH8G3d7DUWWrJ+PlM="
    },
    "lodash.map": {
      "version": "4.6.0",
      "resolved": "https://registry.npmjs.org/lodash.map/-/lodash.map-4.6.0.tgz",
      "integrity": "sha1-dx7Hg540c9nEzeKLGTlMNWL09tM="
    },
    "lodash.merge": {
      "version": "4.6.0",
      "resolved": "https://registry.npmjs.org/lodash.merge/-/lodash.merge-4.6.0.tgz",
      "integrity": "sha1-aYhLoUSsM/5plzemCG3v+t0PicU="
    },
    "lodash.pick": {
      "version": "4.4.0",
      "resolved": "https://registry.npmjs.org/lodash.pick/-/lodash.pick-4.4.0.tgz",
      "integrity": "sha1-UvBWEP/53tQiYRRB7R/BI6AwAbM="
    },
    "lodash.reduce": {
      "version": "4.6.0",
      "resolved": "https://registry.npmjs.org/lodash.reduce/-/lodash.reduce-4.6.0.tgz",
      "integrity": "sha1-8atrg5KZrUj3hKu/R2WW8DuRTTs="
    },
    "lodash.reject": {
      "version": "4.6.0",
      "resolved": "https://registry.npmjs.org/lodash.reject/-/lodash.reject-4.6.0.tgz",
      "integrity": "sha1-gNZJLcFHCGS79YNTO2UfQqn1JBU="
    },
    "lodash.some": {
      "version": "4.6.0",
      "resolved": "https://registry.npmjs.org/lodash.some/-/lodash.some-4.6.0.tgz",
      "integrity": "sha1-G7nzFO9ri63tE7VJFpsqlF62jk0="
    },
    "loose-envify": {
      "version": "1.3.1",
      "resolved": "https://registry.npmjs.org/loose-envify/-/loose-envify-1.3.1.tgz",
      "integrity": "sha1-0aitM/qc4OcT1l/dCsi3SNR4yEg=",
      "requires": {
        "js-tokens": "3.0.2"
      }
    },
    "ms": {
      "version": "2.0.0",
      "resolved": "https://registry.npmjs.org/ms/-/ms-2.0.0.tgz",
      "integrity": "sha1-VgiurfwAvmwpAd9fmGF4jeDVl8g="
    },
    "node-fetch": {
      "version": "1.7.3",
      "resolved": "https://registry.npmjs.org/node-fetch/-/node-fetch-1.7.3.tgz",
      "integrity": "sha512-NhZ4CsKx7cYm2vSrBAr2PvFOe6sWDf0UYLRqA6svUYg7+/TSfVAu49jYC4BvQ4Sms9SZgdqGBgroqfDhJdTyKQ==",
      "requires": {
        "encoding": "0.1.12",
        "is-stream": "1.1.0"
      }
    },
    "nth-check": {
      "version": "1.0.1",
      "resolved": "https://registry.npmjs.org/nth-check/-/nth-check-1.0.1.tgz",
      "integrity": "sha1-mSms32KPwsQQmN6rgqxYDPFJquQ=",
      "requires": {
        "boolbase": "1.0.0"
      }
    },
    "object-assign": {
      "version": "4.1.1",
      "resolved": "https://registry.npmjs.org/object-assign/-/object-assign-4.1.1.tgz",
      "integrity": "sha1-IQmtx5ZYh8/AXLvUQsrIv7s2CGM="
    },
    "object-is": {
      "version": "1.0.1",
      "resolved": "https://registry.npmjs.org/object-is/-/object-is-1.0.1.tgz",
      "integrity": "sha1-CqYOyZiaCz7Xlc9NBvYs8a1lObY="
    },
    "object-keys": {
      "version": "1.0.11",
      "resolved": "https://registry.npmjs.org/object-keys/-/object-keys-1.0.11.tgz",
      "integrity": "sha1-xUYBd4rVYPEULODgG8yotW0TQm0="
    },
    "object.assign": {
      "version": "4.0.4",
      "resolved": "https://registry.npmjs.org/object.assign/-/object.assign-4.0.4.tgz",
      "integrity": "sha1-scnMBE7xuf5jYG/BQau7MuFHMMw=",
      "requires": {
        "define-properties": "1.1.2",
        "function-bind": "1.1.1",
        "object-keys": "1.0.11"
      }
    },
    "object.entries": {
      "version": "1.0.4",
      "resolved": "https://registry.npmjs.org/object.entries/-/object.entries-1.0.4.tgz",
      "integrity": "sha1-G/mk3SKI9bM/Opk9JXZh8F0WGl8=",
      "requires": {
        "define-properties": "1.1.2",
        "es-abstract": "1.9.0",
        "function-bind": "1.1.1",
        "has": "1.0.1"
      }
    },
    "object.values": {
      "version": "1.0.4",
      "resolved": "https://registry.npmjs.org/object.values/-/object.values-1.0.4.tgz",
      "integrity": "sha1-5STaCbT2b/Bd9FdUbscqyZ8TBpo=",
      "requires": {
        "define-properties": "1.1.2",
        "es-abstract": "1.9.0",
        "function-bind": "1.1.1",
        "has": "1.0.1"
      }
    },
    "process-nextick-args": {
      "version": "1.0.7",
      "resolved": "https://registry.npmjs.org/process-nextick-args/-/process-nextick-args-1.0.7.tgz",
      "integrity": "sha1-FQ4gt1ZZCtP5EJPyWk8q2L/zC6M="
    },
    "promise": {
      "version": "7.3.1",
      "resolved": "https://registry.npmjs.org/promise/-/promise-7.3.1.tgz",
      "integrity": "sha512-nolQXZ/4L+bP/UGlkfaIujX9BKxGwmQ9OT4mOt5yvy8iK1h3wqTEJCijzGANTCCl9nWjY41juyAn2K3Q1hLLTg==",
      "requires": {
        "asap": "2.0.6"
      }
    },
    "prop-types": {
      "version": "15.6.0",
      "resolved": "https://registry.npmjs.org/prop-types/-/prop-types-15.6.0.tgz",
      "integrity": "sha1-zq8IMCL8RrSjX2nhPvda7Q1jmFY=",
      "requires": {
        "fbjs": "0.8.16",
        "loose-envify": "1.3.1",
        "object-assign": "4.1.1"
      }
    },
    "prop-types-extra": {
      "version": "1.0.1",
      "resolved": "https://registry.npmjs.org/prop-types-extra/-/prop-types-extra-1.0.1.tgz",
      "integrity": "sha1-pXvUgQ6C0no/9DF+zBtK0AX3moI=",
      "requires": {
        "warning": "3.0.0"
      }
    },
    "react-bootstrap-table": {
      "version": "4.1.0",
      "resolved": "https://registry.npmjs.org/react-bootstrap-table/-/react-bootstrap-table-4.1.0.tgz",
      "integrity": "sha1-1d+TUIPQZXRAQTl2moWlYwjAHmM=",
      "requires": {
        "classnames": "2.2.5",
        "prop-types": "15.6.0",
        "react-modal": "3.0.4",
        "react-s-alert": "1.3.1"
      }
    },
    "react-bootstrap-typeahead": {
      "version": "1.4.2",
      "resolved": "https://registry.npmjs.org/react-bootstrap-typeahead/-/react-bootstrap-typeahead-1.4.2.tgz",
      "integrity": "sha1-GRPjLOpNeb7NA6yrvZM2EWiEgVs=",
      "requires": {
        "classnames": "2.2.5",
        "create-react-class": "15.6.2",
        "invariant": "2.2.2",
        "lodash": "4.17.4",
        "prop-types": "15.6.0",
        "react-highlighter": "0.4.1",
        "react-input-autosize": "1.2.0",
        "react-onclickoutside": "5.11.1",
        "react-overlays": "0.7.3",
        "react-prop-types": "0.4.0",
        "warning": "3.0.0"
      }
    },
    "react-highlighter": {
      "version": "0.4.1",
      "resolved": "https://registry.npmjs.org/react-highlighter/-/react-highlighter-0.4.1.tgz",
      "integrity": "sha1-ZedtIw1J0DJYtA/5x3YqCKd8HR0=",
      "requires": {
        "blacklist": "1.1.4",
        "create-react-class": "15.6.2",
        "escape-string-regexp": "1.0.5",
        "prop-types": "15.6.0"
      }
    },
    "react-input-autosize": {
      "version": "1.2.0",
      "resolved": "https://registry.npmjs.org/react-input-autosize/-/react-input-autosize-1.2.0.tgz",
      "integrity": "sha1-hyQQcRWfdCEjiXaR2meW7DO1fQU=",
      "requires": {
        "create-react-class": "15.6.2",
        "prop-types": "15.6.0"
      }
    },
    "react-jsonschema-form-extras": {
      "version": "0.8.8",
      "resolved": "https://registry.npmjs.org/react-jsonschema-form-extras/-/react-jsonschema-form-extras-0.8.8.tgz",
      "integrity": "sha512-dZk/noGerlUGP2V6F4jzqPzvQiEM60B65cJMKh+8MLwPYbthrZqztmhNjvkR7O4DlOe/H/2rrX9OfAcQttHlDQ==",
      "requires": {
        "react-bootstrap-table": "4.1.0",
        "react-bootstrap-typeahead": "1.4.2",
        "react-rte": "0.15.0",
        "selectn": "1.1.2"
      }
    },
    "react-modal": {
      "version": "3.0.4",
      "resolved": "https://registry.npmjs.org/react-modal/-/react-modal-3.0.4.tgz",
      "integrity": "sha512-IvRZxJkXiDqEIl4cxCccCzP37z+YOSN+yNOkYH99Ime+n9nPSowgxkX0KfHzR2ezP72LSS3Uln54JDZXUJmLdA==",
      "requires": {
        "exenv": "1.2.2",
        "prop-types": "15.6.0"
      }
    },
    "react-onclickoutside": {
      "version": "5.11.1",
      "resolved": "https://registry.npmjs.org/react-onclickoutside/-/react-onclickoutside-5.11.1.tgz",
      "integrity": "sha1-ADFOUlZ89V+rqUyrus0RlhkHBiM=",
      "requires": {
        "create-react-class": "15.6.2"
      }
    },
    "react-overlays": {
      "version": "0.7.3",
      "resolved": "https://registry.npmjs.org/react-overlays/-/react-overlays-0.7.3.tgz",
      "integrity": "sha512-mIydIqEo9/3uB9h/Pi/KpAwb0ga93LC2ROH/c33uW3heNVTuGG1pjHvINv7m4V+wzCVosTXWg2AtM/Pxw42u+w==",
      "requires": {
        "classnames": "2.2.5",
        "dom-helpers": "3.2.1",
        "prop-types": "15.6.0",
        "prop-types-extra": "1.0.1",
        "warning": "3.0.0"
      }
    },
    "react-prop-types": {
      "version": "0.4.0",
      "resolved": "https://registry.npmjs.org/react-prop-types/-/react-prop-types-0.4.0.tgz",
      "integrity": "sha1-+ZsL+0AGkpya8gUefBQUpcdbk9A=",
      "requires": {
        "warning": "3.0.0"
      }
    },
    "react-rte": {
      "version": "0.15.0",
      "resolved": "https://registry.npmjs.org/react-rte/-/react-rte-0.15.0.tgz",
      "integrity": "sha1-8HU9VS2Y9Aj0tVJIudE2Wikycgo=",
      "requires": {
        "babel-runtime": "6.26.0",
        "class-autobind": "0.1.4",
        "classnames": "2.2.5",
        "draft-js": "0.10.3",
        "draft-js-export-html": "1.2.0",
        "draft-js-export-markdown": "1.2.0",
        "draft-js-import-html": "1.2.1",
        "draft-js-import-markdown": "1.2.1",
        "draft-js-utils": "1.2.0",
        "immutable": "3.8.2"
      }
    },
    "react-s-alert": {
      "version": "1.3.1",
      "resolved": "https://registry.npmjs.org/react-s-alert/-/react-s-alert-1.3.1.tgz",
      "integrity": "sha512-iXq7vdTV9RzLxn1wbi1z2gZoezjrALlraDUYnxv2MMrpICDubfKPjMdzSfhZXbZQ/vgHxNUWByeTA7u1ThIjtA==",
      "requires": {
        "babel-runtime": "6.26.0"
      }
    },
    "readable-stream": {
      "version": "2.3.3",
      "resolved": "https://registry.npmjs.org/readable-stream/-/readable-stream-2.3.3.tgz",
      "integrity": "sha512-m+qzzcn7KUxEmd1gMbchF+Y2eIUbieUaxkWtptyHywrX0rE8QEYqPC07Vuy4Wm32/xE16NcdBctb8S0Xe/5IeQ==",
      "requires": {
        "core-util-is": "1.0.2",
        "inherits": "2.0.3",
        "isarray": "1.0.0",
        "process-nextick-args": "1.0.7",
        "safe-buffer": "5.1.1",
        "string_decoder": "1.0.3",
        "util-deprecate": "1.0.2"
      }
    },
    "regenerator-runtime": {
      "version": "0.11.0",
      "resolved": "https://registry.npmjs.org/regenerator-runtime/-/regenerator-runtime-0.11.0.tgz",
      "integrity": "sha512-/aA0kLeRb5N9K0d4fw7ooEbI+xDe+DKD499EQqygGqeS8N3xto15p09uY2xj7ixP81sNPXvRLnAQIqdVStgb1A=="
    },
    "safe-buffer": {
      "version": "5.1.1",
      "resolved": "https://registry.npmjs.org/safe-buffer/-/safe-buffer-5.1.1.tgz",
      "integrity": "sha512-kKvNJn6Mm93gAczWVJg7wH+wGYWNrDHdWvpUmHyEsgCtIwwo3bqPtV4tR5tuPaUhTOo/kvhVwd8XwwOllGYkbg=="
    },
    "selectn": {
      "version": "1.1.2",
      "resolved": "https://registry.npmjs.org/selectn/-/selectn-1.1.2.tgz",
      "integrity": "sha1-/IrNkd8/RaywGJHGdzrlKYUdaxc=",
      "requires": {
        "brackets2dots": "1.1.0",
        "curry2": "1.0.3",
        "debug": "2.6.9",
        "dotsplit.js": "1.1.0"
      }
    },
    "setimmediate": {
      "version": "1.0.5",
      "resolved": "https://registry.npmjs.org/setimmediate/-/setimmediate-1.0.5.tgz",
      "integrity": "sha1-KQy7Iy4waULX1+qbg3Mqt4VvgoU="
    },
    "string_decoder": {
      "version": "1.0.3",
      "resolved": "https://registry.npmjs.org/string_decoder/-/string_decoder-1.0.3.tgz",
      "integrity": "sha512-4AH6Z5fzNNBcH+6XDMfA/BTt87skxqJlO0lAh3Dker5zThcAxG6mKz+iGu308UKoPPQ8Dcqx/4JhujzltRa+hQ==",
      "requires": {
        "safe-buffer": "5.1.1"
      }
    },
    "synthetic-dom": {
      "version": "1.2.0",
      "resolved": "https://registry.npmjs.org/synthetic-dom/-/synthetic-dom-1.2.0.tgz",
      "integrity": "sha1-81iar+K14pnzN7sylzqb5C3VYl4="
    },
    "ua-parser-js": {
      "version": "0.7.17",
      "resolved": "https://registry.npmjs.org/ua-parser-js/-/ua-parser-js-0.7.17.tgz",
      "integrity": "sha512-uRdSdu1oA1rncCQL7sCj8vSyZkgtL7faaw9Tc9rZ3mGgraQ7+Pdx7w5mnOSF3gw9ZNG6oc+KXfkon3bKuROm0g=="
    },
    "util-deprecate": {
      "version": "1.0.2",
      "resolved": "https://registry.npmjs.org/util-deprecate/-/util-deprecate-1.0.2.tgz",
      "integrity": "sha1-RQ1Nyfpw3nMnYvvS1KKJgUGaDM8="
    },
    "uuid": {
      "version": "3.1.0",
      "resolved": "https://registry.npmjs.org/uuid/-/uuid-3.1.0.tgz",
      "integrity": "sha512-DIWtzUkw04M4k3bf1IcpS2tngXEL26YUD2M0tMDUpnUrz2hgzUBlD55a4FjdLGPvfHxS6uluGWvaVEqgBcVa+g=="
    },
    "warning": {
      "version": "3.0.0",
      "resolved": "https://registry.npmjs.org/warning/-/warning-3.0.0.tgz",
      "integrity": "sha1-MuU3fLVy3kqwR1O9+IIcAe1gW3w=",
      "requires": {
        "loose-envify": "1.3.1"
      }
    },
    "whatwg-fetch": {
      "version": "2.0.3",
      "resolved": "https://registry.npmjs.org/whatwg-fetch/-/whatwg-fetch-2.0.3.tgz",
      "integrity": "sha1-nITsLc9oGH/wC8ZOEnS0QhduHIQ="
    }
  }
}
